
Microsoft Visual Studio Solution File, Format Version 12.00
# Visual Studio 14
VisualStudioVersion = 14.0.25420.1
MinimumVisualStudioVersion = 10.0.40219.1
Project("{2150E333-8FDC-42A3-9474-1A3956D46DE8}") = "src", "src", "{89BB1C9A-099F-4EED-9DCD-5B993565772D}"
EndProject
Project("{2150E333-8FDC-42A3-9474-1A3956D46DE8}") = "Solution Items", "Solution Items", "{BB2E3106-7210-43D5-B99A-E70CD24DFBC9}"
	ProjectSection(SolutionItems) = preProject
		global.json = global.json
	EndProjectSection
EndProject
Project("{8BB2217D-0F2D-49D1-97BC-3654ED321F3B}") = "Assignment2.Services", "src\Assignment2.Services\Assignment2.Services.xproj", "{7F293150-3FE5-4F7E-A0D8-A0B436F4E55E}"
EndProject
Global
	GlobalSection(SolutionConfigurationPlatforms) = preSolution
		Debug|Any CPU = Debug|Any CPU
		Release|Any CPU = Release|Any CPU
	EndGlobalSection
	GlobalSection(ProjectConfigurationPlatforms) = postSolution
		{7F293150-3FE5-4F7E-A0D8-A0B436F4E55E}.Debug|Any CPU.ActiveCfg = Debug|Any CPU
		{7F293150-3FE5-4F7E-A0D8-A0B436F4E55E}.Debug|Any CPU.Build.0 = Debug|Any CPU
		{7F293150-3FE5-4F7E-A0D8-A0B436F4E55E}.Release|Any CPU.ActiveCfg = Release|Any CPU
		{7F293150-3FE5-4F7E-A0D8-A0B436F4E55E}.Release|Any CPU.Build.0 = Release|Any CPU
	EndGlobalSection
	GlobalSection(SolutionProperties) = preSolution
		HideSolutionNode = FALSE
	EndGlobalSection
	GlobalSection(NestedProjects) = preSolution
		{7F293150-3FE5-4F7E-A0D8-A0B436F4E55E} = {89BB1C9A-099F-4EED-9DCD-5B993565772D}
	EndGlobalSection
EndGlobal
